version = 1
requires-python = ">=3.12"

[[package]]
name = "dnspython"
version = "2.8.0"
source = { registry = "https://pypi.org/simple" }
sdist = { url = "https://files.pythonhosted.org/packages/8c/8b/57666417c0f90f08bcafa776861060426765fdb422eb10212086fb811d26/dnspython-2.8.0.tar.gz", hash = "sha256:181d3c6996452cb1189c4046c61599b84a5a86e099562ffde77d26984ff26d0f", size = 368251 }
wheels = [
    { url = "https://files.pythonhosted.org/packages/ba/5a/18ad964b0086c6e62e2e7500f7edc89e3faa45033c71c1893d34eed2b2de/dnspython-2.8.0-py3-none-any.whl", hash = "sha256:01d9bbc4a2d76bf0db7c1f729812ded6d912bd318d3b1cf81d30c0f845dbf3af", size = 331094 },
]

[[package]]
name = "mongodb-learn"
version = "0.1.0"
source = { virtual = "." }
dependencies = [
    { name = "pymongo" },
    { name = "python-dotenv" },
]

[package.metadata]
requires-dist = [
    { name = "pymongo", specifier = ">=4.14.1" },
    { name = "python-dotenv", specifier = ">=1.1.1" },
]

[[package]]
name = "pymongo"
version = "4.14.1"
source = { registry = "https://pypi.org/simple" }
dependencies = [
    { name = "dnspython" },
]
sdist = { url = "https://files.pythonhosted.org/packages/a1/d4/8617dbd734a58c10016f854c96a6aee522d90c4cf8890104c83f47c20126/pymongo-4.14.1.tar.gz", hash = "sha256:d78f5b0b569f4320e2485599d89b088aa6d750aad17cc98fd81a323b544ed3d0", size = 2214806 }
wheels = [
    { url = "https://files.pythonhosted.org/packages/ff/95/d4f67fe51d7ef65b82af002ac23dd6fd34b3ddaf7ce843646e7a0554f8d2/pymongo-4.14.1-cp312-cp312-macosx_10_13_x86_64.whl", hash = "sha256:d2cafb545a77738f0506cd538be1b14e9f40ad0b62634d89e1845dee3c726ad5", size = 914257 },
    { url = "https://files.pythonhosted.org/packages/32/7a/8df4bb47f20ab4f1ab9c1caf3d96bf1e17ba6dd3c2a03f6588f1339aeeea/pymongo-4.14.1-cp312-cp312-macosx_11_0_arm64.whl", hash = "sha256:a76afb1375f6914fecfdc3bfe6fb7c8c36b682c4707b7fb8ded5c2e17a1c2d77", size = 913942 },
    { url = "https://files.pythonhosted.org/packages/a4/de/aeb2fea0e5b8613ded3fd047a1a8cf7133d940123239271cabb1578f9620/pymongo-4.14.1-cp312-cp312-manylinux_2_17_aarch64.manylinux2014_aarch64.whl", hash = "sha256:1f5a4223c6acecb0ab25202a5b4ed6f2b6a41c30204ef44d3d46525e8ea455a9", size = 1692600 },
    { url = "https://files.pythonhosted.org/packages/15/cf/9bfa9fc65e78765d13801e769291a8496cc99ef2961b5a23a8d1eb73ebdd/pymongo-4.14.1-cp312-cp312-manylinux_2_17_ppc64le.manylinux2014_ppc64le.whl", hash = "sha256:89c1f6804ae16101d5dd6cf0bd06b10e70e5e870aa98a198824c772ce3cb8ba3", size = 1756836 },
    { url = "https://files.pythonhosted.org/packages/4a/f6/83f069342b4d4588b4c516eb3c66ebfd35c88e77c6e0c247762d40d99eb5/pymongo-4.14.1-cp312-cp312-manylinux_2_17_s390x.manylinux2014_s390x.whl", hash = "sha256:eaef22550ba1034e9b0ed309395ec72944348c277e27cc973cd5b07322b1d088", size = 1725880 },
    { url = "https://files.pythonhosted.org/packages/e6/16/4f8a0e5bc513c126238827587f21437675033e8561b8eb46ce099f1f4337/pymongo-4.14.1-cp312-cp312-manylinux_2_17_x86_64.manylinux2014_x86_64.whl", hash = "sha256:71500e97dbbda5d3e5dc9354dca865246c7502eea9d041c1ce0ae2c3fa018fd2", size = 1695857 },
    { url = "https://files.pythonhosted.org/packages/02/d0/6b814aa2456873c4baaf5f44021f9776aa8c2ef60405357dac82d82a10ab/pymongo-4.14.1-cp312-cp312-manylinux_2_5_i686.manylinux1_i686.manylinux_2_17_i686.manylinux2014_i686.whl", hash = "sha256:6eeea7c92fd8ccd24ad156e2f9c2a117220f1ba0a41968b26d953dc6b8082b1d", size = 1654988 },
    { url = "https://files.pythonhosted.org/packages/50/a8/a93578e9b5aa3d595a6c8ce7752ff0be43af11ea97dd2fe42fbeea67e909/pymongo-4.14.1-cp312-cp312-win32.whl", hash = "sha256:78e9ec6345a14e2144a514f501e3bfe69ec8c8fefd0759757e4f47bf0b243522", size = 885085 },
    { url = "https://files.pythonhosted.org/packages/10/5a/e5ab4c50e7c8683ada40642ddfbad1a24c509fbff7786afd0a758d8c222f/pymongo-4.14.1-cp312-cp312-win_amd64.whl", hash = "sha256:714589ce1df891e91f808b1e6e678990040997972d2c70454efebfefd1c8e299", size = 904513 },
    { url = "https://files.pythonhosted.org/packages/c4/cf/4ce6eaf7d886ff7457a937f5241a15f31de32e9f4394c08c78fb19218864/pymongo-4.14.1-cp313-cp313-macosx_10_13_x86_64.whl", hash = "sha256:cb147d0d77863ae89fa73cf8c0cc1a68d7dd7c5689cf0381501505307136b2bd", size = 968478 },
    { url = "https://files.pythonhosted.org/packages/28/19/6d1bc3e8d52c8330627d6de2cff86794aed51aa0c2241b743c31dd28b6eb/pymongo-4.14.1-cp313-cp313-macosx_11_0_arm64.whl", hash = "sha256:e386721b57a50a5acd6e19c3c14cb975cbc0bf1a0364227d6cc15b486bb094cc", size = 968174 },
    { url = "https://files.pythonhosted.org/packages/58/39/102b3a5688b254befa3c54fef9df0495eb3b07324ff8076b72452005d89c/pymongo-4.14.1-cp313-cp313-manylinux_2_17_aarch64.manylinux2014_aarch64.whl", hash = "sha256:49a2bf594ce1693f8a3cc4123ec3fa3a86215b395333b22be83c9eb765b24ecb", size = 1956312 },
    { url = "https://files.pythonhosted.org/packages/f2/75/c6bc7dddfece46290aabbed52475a9bfd2b63c3bf1d2b724476a0144d50c/pymongo-4.14.1-cp313-cp313-manylinux_2_17_ppc64le.manylinux2014_ppc64le.whl", hash = "sha256:ebb6679929e5bab898e9c5b46ee6fd025f6eb14380e9d4a210e122d79b223548", size = 2033665 },
    { url = "https://files.pythonhosted.org/packages/b5/6b/67762afe3ff4a7e7a56ed52ee2d5d4bb75f4309acaa493cc2408dd256174/pymongo-4.14.1-cp313-cp313-manylinux_2_17_s390x.manylinux2014_s390x.whl", hash = "sha256:fcbea95a877b2c7c4e4a18527c4eecbe91bdcb0b202f93d5713d50386138ffa3", size = 1997582 },
    { url = "https://files.pythonhosted.org/packages/7f/3f/40282cb2c9114e8b1cb7e72f66d78a8acffaa494c0460ecd3821bf9ef4f6/pymongo-4.14.1-cp313-cp313-manylinux_2_17_x86_64.manylinux2014_x86_64.whl", hash = "sha256:04e780ff2854278d24f7a2011aed45b3df89520c89ca29a7c1ccf9a9f0d513d0", size = 1958311 },
    { url = "https://files.pythonhosted.org/packages/b7/b2/f2d40e23c375e8b57493f532f24eb9583625d51c52bb1a9a2a515d7d879b/pymongo-4.14.1-cp313-cp313-manylinux_2_5_i686.manylinux1_i686.manylinux_2_17_i686.manylinux2014_i686.whl", hash = "sha256:147711a3b95d45dd11377a078e77fa302142b67656a8f57076693aa7fba124c1", size = 1907886 },
    { url = "https://files.pythonhosted.org/packages/10/76/6b19a6ee2517b579937e4055c99f7d16ef80dc558491b0fca25dc1cb2630/pymongo-4.14.1-cp313-cp313-win32.whl", hash = "sha256:6b945dda0359ba13171201fa2f1e32d4b5e73f57606b8c6dd560eeebf4a69d84", size = 931916 },
    { url = "https://files.pythonhosted.org/packages/89/30/c8180c0aab736f3217b146308cd2da0484a057700e35d834bd37e6bd3430/pymongo-4.14.1-cp313-cp313-win_amd64.whl", hash = "sha256:9fba1dcad4260a9c96aa5bd576bf96edeea5682cd6da6b5777c644ef103f16f6", size = 956130 },
    { url = "https://files.pythonhosted.org/packages/45/a3/0a7874debbc4f37ec5d5ebb37a2db4bdbb06411142adcea55e55daba09ee/pymongo-4.14.1-cp313-cp313t-macosx_10_13_x86_64.whl", hash = "sha256:184b0b6c3663bec2c13d7e2f0a99233c24b1bc7d8163b8b9a019a3ab159b1ade", size = 1024972 },
    { url = "https://files.pythonhosted.org/packages/74/77/5412dfca22e248f0785dff5dae83dc25422c10e784c34be5853a50a72a45/pymongo-4.14.1-cp313-cp313t-macosx_11_0_arm64.whl", hash = "sha256:e0a9bdb95e6fab64c8453dae84834dfd7a8b91cfbc7a3e288d9cdd161621a867", size = 1024973 },
    { url = "https://files.pythonhosted.org/packages/55/eb/b36a6b952f017aba45ea4ff035c4908e1cdf5f3f92b1ecf36cc412f8ae89/pymongo-4.14.1-cp313-cp313t-manylinux_2_17_aarch64.manylinux2014_aarch64.whl", hash = "sha256:df5cc411dbe2b064945114598fdb3e36c3eeb38ed2559e459d5a7b2d91074a54", size = 2284673 },
    { url = "https://files.pythonhosted.org/packages/57/c2/206d20847871db172e216695371963c0dd2670cf3bb003b063de3f459ae3/pymongo-4.14.1-cp313-cp313t-manylinux_2_17_ppc64le.manylinux2014_ppc64le.whl", hash = "sha256:33a8b2c47db66f3bb33d62e3884fb531b77a58efd412b67b0539c685950c2382", size = 2371709 },
    { url = "https://files.pythonhosted.org/packages/b7/1b/f1c26008c61c0ac07344e17074d56c4c7daca10b24d9a5f921cbdb2438c2/pymongo-4.14.1-cp313-cp313t-manylinux_2_17_s390x.manylinux2014_s390x.whl", hash = "sha256:5f08880ad8bd6bdd4bdb5c93c4a6946c5c4e429b648c3b665c435af02005e7db", size = 2331100 },
    { url = "https://files.pythonhosted.org/packages/1e/05/4561aa90ac9daff0660d6041d5d5f8bb208085608518c44b4f36a52931b4/pymongo-4.14.1-cp313-cp313t-manylinux_2_17_x86_64.manylinux2014_x86_64.whl", hash = "sha256:92f8c2a3d0f17c432d68304d3abcab36a8a7ba78db93a143ac77eef6b70bc126", size = 2282298 },
    { url = "https://files.pythonhosted.org/packages/dd/a2/ad07bdfd439f2cf475b62ccba5278e7edb5c714c675ff80f9ea6cb465971/pymongo-4.14.1-cp313-cp313t-manylinux_2_5_i686.manylinux1_i686.manylinux_2_17_i686.manylinux2014_i686.whl", hash = "sha256:019f8f9b8a61a5780450c5908c38f63e4248f286d804163d3728bc544f0b07b2", size = 2221621 },
    { url = "https://files.pythonhosted.org/packages/d8/13/d1bb83a6a68161a770c212a7114ac02b601aeabb9700c399607499e289a3/pymongo-4.14.1-cp313-cp313t-win32.whl", hash = "sha256:414a999a5b9212635f51c8b23481626406b731abaea16659a39df00f538d06d8", size = 981134 },
    { url = "https://files.pythonhosted.org/packages/04/a0/3d97f57c1d37df8cd0839290ff08a9d5f2fbe862ecf8560afdf947c32b3d/pymongo-4.14.1-cp313-cp313t-win_amd64.whl", hash = "sha256:9375cf27c04d2be7d02986262e0593ece1e78fa1934744bdd74c0c0b0cd2c2f2", size = 1011425 },
]

[[package]]
name = "python-dotenv"
version = "1.1.1"
source = { registry = "https://pypi.org/simple" }
sdist = { url = "https://files.pythonhosted.org/packages/f6/b0/4bc07ccd3572a2f9df7e6782f52b0c6c90dcbb803ac4a167702d7d0dfe1e/python_dotenv-1.1.1.tar.gz", hash = "sha256:a8a6399716257f45be6a007360200409fce5cda2661e3dec71d23dc15f6189ab", size = 41978 }
wheels = [
    { url = "https://files.pythonhosted.org/packages/5f/ed/539768cf28c661b5b068d66d96a2f155c4971a5d55684a514c1a0e0dec2f/python_dotenv-1.1.1-py3-none-any.whl", hash = "sha256:31f23644fe2602f88ff55e1f5c79ba497e01224ee7737937930c448e4d0e24dc", size = 20556 },
]
